// !$*UTF8*$!
{
	archiveVersion = 1;
	classes = {
	};
	objectVersion = 46;
	objects = {

/* Begin PBXBuildFile section */
		2D3E7E431B35CAB3001C35C6 /* AppDelegate.m in Sources */ = {isa = PBXBuildFile; fileRef = 2D3E7E421B35CAB3001C35C6 /* AppDelegate.m */; };
		2D3E7E451B35CAB3001C35C6 /* main.m in Sources */ = {isa = PBXBuildFile; fileRef = 2D3E7E441B35CAB3001C35C6 /* main.m */; };
		2D3E7E481B35CAB3001C35C6 /* ViewController.m in Sources */ = {isa = PBXBuildFile; fileRef = 2D3E7E471B35CAB3001C35C6 /* ViewController.m */; };
		2D3E7E4A1B35CAB3001C35C6 /* Images.xcassets in Resources */ = {isa = PBXBuildFile; fileRef = 2D3E7E491B35CAB3001C35C6 /* Images.xcassets */; };
		2D3E7E4D1B35CAB3001C35C6 /* Main.storyboard in Resources */ = {isa = PBXBuildFile; fileRef = 2D3E7E4B1B35CAB3001C35C6 /* Main.storyboard */; };
		2D3E7E591B35CAB3001C35C6 /* LaravehTests.m in Sources */ = {isa = PBXBuildFile; fileRef = 2D3E7E581B35CAB3001C35C6 /* LaravehTests.m */; };
/* End PBXBuildFile section */

/* Begin PBXContainerItemProxy section */
		2D3E7E531B35CAB3001C35C6 /* PBXContainerItemProxy */ = {
			isa = PBXContainerItemProxy;
			containerPortal = 2D3E7E341B35CAB3001C35C6 /* Project object */;
			proxyType = 1;
			remoteGlobalIDString = 2D3E7E3B1B35CAB3001C35C6;
			remoteInfo = Laraveh;
		};
/* End PBXContainerItemProxy section */

/* Begin PBXFileReference section */
		2D3E7E3C1B35CAB3001C35C6 /* Artison.app */ = {isa = PBXFileReference; explicitFileType = wrapper.application; includeInIndex = 0; path = Artison.app; sourceTree = BUILT_PRODUCTS_DIR; };
		2D3E7E401B35CAB3001C35C6 /* Info.plist */ = {isa = PBXFileReference; lastKnownFileType = text.plist.xml; path = Info.plist; sourceTree = "<group>"; };
		2D3E7E411B35CAB3001C35C6 /* AppDelegate.h */ = {isa = PBXFileReference; lastKnownFileType = sourcecode.c.h; path = AppDelegate.h; sourceTree = "<group>"; };
		2D3E7E421B35CAB3001C35C6 /* AppDelegate.m */ = {isa = PBXFileReference; lastKnownFileType = sourcecode.c.objc; path = AppDelegate.m; sourceTree = "<group>"; };
		2D3E7E441B35CAB3001C35C6 /* main.m */ = {isa = PBXFileReference; lastKnownFileType = sourcecode.c.objc; path = main.m; sourceTree = "<group>"; };
		2D3E7E461B35CAB3001C35C6 /* ViewController.h */ = {isa = PBXFileReference; lastKnownFileType = sourcecode.c.h; path = ViewController.h; sourceTree = "<group>"; };
		2D3E7E471B35CAB3001C35C6 /* ViewController.m */ = {isa = PBXFileReference; lastKnownFileType = sourcecode.c.objc; path = ViewController.m; sourceTree = "<group>"; };
		2D3E7E491B35CAB3001C35C6 /* Images.xcassets */ = {isa = PBXFileReference; lastKnownFileType = folder.assetcatalog; path = Images.xcassets; sourceTree = "<group>"; };
		2D3E7E4C1B35CAB3001C35C6 /* Base */ = {isa = PBXFileReference; lastKnownFileType = file.storyboard; name = Base; path = Base.lproj/Main.storyboard; sourceTree = "<group>"; };
		2D3E7E521B35CAB3001C35C6 /* ArtisonTests.xctest */ = {isa = PBXFileReference; explicitFileType = wrapper.cfbundle; includeInIndex = 0; path = ArtisonTests.xctest; sourceTree = BUILT_PRODUCTS_DIR; };
		2D3E7E571B35CAB3001C35C6 /* Info.plist */ = {isa = PBXFileReference; lastKnownFileType = text.plist.xml; path = Info.plist; sourceTree = "<group>"; };
		2D3E7E581B35CAB3001C35C6 /* LaravehTests.m */ = {isa = PBXFileReference; lastKnownFileType = sourcecode.c.objc; path = LaravehTests.m; sourceTree = "<group>"; };
/* End PBXFileReference section */

/* Begin PBXFrameworksBuildPhase section */
		2D3E7E391B35CAB3001C35C6 /* Frameworks */ = {
			isa = PBXFrameworksBuildPhase;
			buildActionMask = 2147483647;
			files = (
			);
			runOnlyForDeploymentPostprocessing = 0;
		};
		2D3E7E4F1B35CAB3001C35C6 /* Frameworks */ = {
			isa = PBXFrameworksBuildPhase;
			buildActionMask = 2147483647;
			files = (
			);
			runOnlyForDeploymentPostprocessing = 0;
		};
/* End PBXFrameworksBuildPhase section */

/* Begin PBXGroup section */
		2D3E7E331B35CAB3001C35C6 = {
			isa = PBXGroup;
			children = (
				2D3E7E3E1B35CAB3001C35C6 /* Laraveh */,
				2D3E7E551B35CAB3001C35C6 /* LaravehTests */,
				2D3E7E3D1B35CAB3001C35C6 /* Products */,
			);
			sourceTree = "<group>";
		};
		2D3E7E3D1B35CAB3001C35C6 /* Products */ = {
			isa = PBXGroup;
			children = (
				2D3E7E3C1B35CAB3001C35C6 /* Artison.app */,
				2D3E7E521B35CAB3001C35C6 /* ArtisonTests.xctest */,
			);
			name = Products;
			sourceTree = "<group>";
		};
		2D3E7E3E1B35CAB3001C35C6 /* Laraveh */ = {
			isa = PBXGroup;
			children = (
				2D3E7E411B35CAB3001C35C6 /* AppDelegate.h */,
				2D3E7E421B35CAB3001C35C6 /* AppDelegate.m */,
				2D3E7E461B35CAB3001C35C6 /* ViewController.h */,
				2D3E7E471B35CAB3001C35C6 /* ViewController.m */,
				2D3E7E491B35CAB3001C35C6 /* Images.xcassets */,
				2D3E7E4B1B35CAB3001C35C6 /* Main.storyboard */,
				2D3E7E3F1B35CAB3001C35C6 /* Supporting Files */,
			);
			path = Laraveh;
			sourceTree = "<group>";
		};
		2D3E7E3F1B35CAB3001C35C6 /* Supporting Files */ = {
			isa = PBXGroup;
			children = (
				2D3E7E401B35CAB3001C35C6 /* Info.plist */,
				2D3E7E441B35CAB3001C35C6 /* main.m */,
			);
			name = "Supporting Files";
			sourceTree = "<group>";
		};
		2D3E7E551B35CAB3001C35C6 /* LaravehTests */ = {
			isa = PBXGroup;
			children = (
				2D3E7E581B35CAB3001C35C6 /* LaravehTests.m */,
				2D3E7E561B35CAB3001C35C6 /* Supporting Files */,
			);
			path = LaravehTests;
			sourceTree = "<group>";
		};
		2D3E7E561B35CAB3001C35C6 /* Supporting Files */ = {
			isa = PBXGroup;
			children = (
				2D3E7E571B35CAB3001C35C6 /* Info.plist */,
			);
			name = "Supporting Files";
			sourceTree = "<group>";
		};
/* End PBXGroup section */

/* Begin PBXNativeTarget section */
		2D3E7E3B1B35CAB3001C35C6 /* Artison */ = {
			isa = PBXNativeTarget;
			buildConfigurationList = 2D3E7E5C1B35CAB3001C35C6 /* Build configuration list for PBXNativeTarget "Artison" */;
			buildPhases = (
				2D3E7E381B35CAB3001C35C6 /* Sources */,
				2D3E7E391B35CAB3001C35C6 /* Frameworks */,
				2D3E7E3A1B35CAB3001C35C6 /* Resources */,
			);
			buildRules = (
			);
			dependencies = (
			);
			name = Artison;
			productName = Laraveh;
			productReference = 2D3E7E3C1B35CAB3001C35C6 /* Artison.app */;
			productType = "com.apple.product-type.application";
		};
		2D3E7E511B35CAB3001C35C6 /* ArtisonTests */ = {
			isa = PBXNativeTarget;
			buildConfigurationList = 2D3E7E5F1B35CAB3001C35C6 /* Build configuration list for PBXNativeTarget "ArtisonTests" */;
			buildPhases = (
				2D3E7E4E1B35CAB3001C35C6 /* Sources */,
				2D3E7E4F1B35CAB3001C35C6 /* Frameworks */,
				2D3E7E501B35CAB3001C35C6 /* Resources */,
			);
			buildRules = (
			);
			dependencies = (
				2D3E7E541B35CAB3001C35C6 /* PBXTargetDependency */,
			);
			name = ArtisonTests;
			productName = LaravehTests;
			productReference = 2D3E7E521B35CAB3001C35C6 /* ArtisonTests.xctest */;
			productType = "com.apple.product-type.bundle.unit-test";
		};
/* End PBXNativeTarget section */

/* Begin PBXProject section */
		2D3E7E341B35CAB3001C35C6 /* Project object */ = {
			isa = PBXProject;
			attributes = {
				LastUpgradeCheck = 0630;
				ORGANIZATIONNAME = DamianPrg;
				TargetAttributes = {
					2D3E7E3B1B35CAB3001C35C6 = {
						CreatedOnToolsVersion = 6.3.2;
					};
					2D3E7E511B35CAB3001C35C6 = {
						CreatedOnToolsVersion = 6.3.2;
						TestTargetID = 2D3E7E3B1B35CAB3001C35C6;
					};
				};
			};
			buildConfigurationList = 2D3E7E371B35CAB3001C35C6 /* Build configuration list for PBXProject "Artison" */;
			compatibilityVersion = "Xcode 3.2";
			developmentRegion = English;
			hasScannedForEncodings = 0;
			knownRegions = (
				en,
				Base,
			);
			mainGroup = 2D3E7E331B35CAB3001C35C6;
			productRefGroup = 2D3E7E3D1B35CAB3001C35C6 /* Products */;
			projectDirPath = "";
			projectRoot = "";
			targets = (
				2D3E7E3B1B35CAB3001C35C6 /* Artison */,
				2D3E7E511B35CAB3001C35C6 /* ArtisonTests */,
			);
		};
/* End PBXProject section */

/* Begin PBXResourcesBuildPhase section */
		2D3E7E3A1B35CAB3001C35C6 /* Resources */ = {
			isa = PBXResourcesBuildPhase;
			buildActionMask = 2147483647;
			files = (
				2D3E7E4A1B35CAB3001C35C6 /* Images.xcassets in Resources */,
				2D3E7E4D1B35CAB3001C35C6 /* Main.storyboard in Resources */,
			);
			runOnlyForDeploymentPostprocessing = 0;
		};
		2D3E7E501B35CAB3001C35C6 /* Resources */ = {
			isa = PBXResourcesBuildPhase;
			buildActionMask = 2147483647;
			files = (
			);
			runOnlyForDeploymentPostprocessing = 0;
		};
/* End PBXResourcesBuildPhase section */

/* Begin PBXSourcesBuildPhase section */
		2D3E7E381B35CAB3001C35C6 /* Sources */ = {
			isa = PBXSourcesBuildPhase;
			buildActionMask = 2147483647;
			files = (
				2D3E7E481B35CAB3001C35C6 /* ViewController.m in Sources */,
				2D3E7E451B35CAB3001C35C6 /* main.m in Sources */,
				2D3E7E431B35CAB3001C35C6 /* AppDelegate.m in Sources */,
			);
			runOnlyForDeploymentPostprocessing = 0;
		};
		2D3E7E4E1B35CAB3001C35C6 /* Sources */ = {
			isa = PBXSourcesBuildPhase;
			buildActionMask = 2147483647;
			files = (
				2D3E7E591B35CAB3001C35C6 /* LaravehTests.m in Sources */,
			);
			runOnlyForDeploymentPostprocessing = 0;
		};
/* End PBXSourcesBuildPhase section */

/* Begin PBXTargetDependency section */
		2D3E7E541B35CAB3001C35C6 /* PBXTargetDependency */ = {
			isa = PBXTargetDependency;
			target = 2D3E7E3B1B35CAB3001C35C6 /* Artison */;
			targetProxy = 2D3E7E531B35CAB3001C35C6 /* PBXContainerItemProxy */;
		};
/* End PBXTargetDependency section */

/* Begin PBXVariantGroup section */
		2D3E7E4B1B35CAB3001C35C6 /* Main.storyboard */ = {
			isa = PBXVariantGroup;
			children = (
				2D3E7E4C1B35CAB3001C35C6 /* Base */,
			);
			name = Main.storyboard;
			sourceTree = "<group>";
		};
/* End PBXVariantGroup section */

/* Begin XCBuildConfiguration section */
		2D3E7E5A1B35CAB3001C35C6 /* Debug */ = {
			isa = XCBuildConfiguration;
			buildSettings = {
				ALWAYS_SEARCH_USER_PATHS = NO;
				CLANG_CXX_LANGUAGE_STANDARD = "gnu++0x";
				CLANG_CXX_LIBRARY = "libc++";
				CLANG_ENABLE_MODULES = YES;
				CLANG_ENABLE_OBJC_ARC = YES;
				CLANG_WARN_BOOL_CONVERSION = YES;
				CLANG_WARN_CONSTANT_CONVERSION = YES;
				CLANG_WARN_DIRECT_OBJC_ISA_USAGE = YES_ERROR;
				CLANG_WARN_EMPTY_BODY = YES;
				CLANG_WARN_ENUM_CONVERSION = YES;
				CLANG_WARN_INT_CONVERSION = YES;
				CLANG_WARN_OBJC_ROOT_CLASS = YES_ERROR;
				CLANG_WARN_UNREACHABLE_CODE = YES;
				CLANG_WARN__DUPLICATE_METHOD_MATCH = YES;
				CODE_SIGN_IDENTITY = "-";
				COPY_PHASE_STRIP = NO;
				DEBUG_INFORMATION_FORMAT = dwarf;
				ENABLE_STRICT_OBJC_MSGSEND = YES;
				GCC_C_LANGUAGE_STANDARD = gnu99;
				GCC_DYNAMIC_NO_PIC = NO;
				GCC_NO_COMMON_BLOCKS = YES;
				GCC_OPTIMIZATION_LEVEL = 0;
				GCC_PREPROCESSOR_DEFINITIONS = (
					"DEBUG=1",
					"$(inherited)",
				);
				GCC_SYMBOLS_PRIVATE_EXTERN = NO;
				GCC_WARN_64_TO_32_BIT_CONVERSION = YES;
				GCC_WARN_ABOUT_RETURN_TYPE = YES_ERROR;
				GCC_WARN_UNDECLARED_SELECTOR = YES;
				GCC_WARN_UNINITIALIZED_AUTOS = YES_AGGRESSIVE;
				GCC_WARN_UNUSED_FUNCTION = YES;
				GCC_WARN_UNUSED_VARIABLE = YES;
				MACOSX_DEPLOYMENT_TARGET = 10.10;
				MTL_ENABLE_DEBUG_INFO = YES;
				ONLY_ACTIVE_ARCH = YES;
				SDKROOT = macosx;
			};
			name = Debug;
		};
		2D3E7E5B1B35CAB3001C35C6 /* Release */ = {
			isa = XCBuildConfiguration;
			buildSettings = {
				ALWAYS_SEARCH_USER_PATHS = NO;
				CLANG_CXX_LANGUAGE_STANDARD = "gnu++0x";
				CLANG_CXX_LIBRARY = "libc++";
				CLANG_ENABLE_MODULES = YES;
				CLANG_ENABLE_OBJC_ARC = YES;
				CLANG_WARN_BOOL_CONVERSION = YES;
				CLANG_WARN_CONSTANT_CONVERSION = YES;
				CLANG_WARN_DIRECT_OBJC_ISA_USAGE = YES_ERROR;
				CLANG_WARN_EMPTY_BODY = YES;
				CLANG_WARN_ENUM_CONVERSION = YES;
				CLANG_WARN_INT_CONVERSION = YES;
				CLANG_WARN_OBJC_ROOT_CLASS = YES_ERROR;
				CLANG_WARN_UNREACHABLE_CODE = YES;
				CLANG_WARN__DUPLICATE_METHOD_MATCH = YES;
				CODE_SIGN_IDENTITY = "-";
				COPY_PHASE_STRIP = NO;
				DEBUG_INFORMATION_FORMAT = "dwarf-with-dsym";
				ENABLE_NS_ASSERTIONS = NO;
				ENABLE_STRICT_OBJC_MSGSEND = YES;
				GCC_C_LANGUAGE_STANDARD = gnu99;
				GCC_NO_COMMON_BLOCKS = YES;
				GCC_WARN_64_TO_32_BIT_CONVERSION = YES;
				GCC_WARN_ABOUT_RETURN_TYPE = YES_ERROR;
				GCC_WARN_UNDECLARED_SELECTOR = YES;
				GCC_WARN_UNINITIALIZED_AUTOS = YES_AGGRESSIVE;
				GCC_WARN_UNUSED_FUNCTION = YES;
				GCC_WARN_UNUSED_VARIABLE = YES;
				MACOSX_DEPLOYMENT_TARGET = 10.10;
				MTL_ENABLE_DEBUG_INFO = NO;
				SDKROOT = macosx;
			};
			name = Release;
		};
		2D3E7E5D1B35CAB3001C35C6 /* Debug */ = {
			isa = XCBuildConfiguration;
			buildSettings = {
				ASSETCATALOG_COMPILER_APPICON_NAME = AppIcon;
				COMBINE_HIDPI_IMAGES = YES;
				INFOPLIST_FILE = Laraveh/Info.plist;
				LD_RUNPATH_SEARCH_PATHS = "$(inherited) @executable_path/../Frameworks";
				PRODUCT_NAME = Artison;
			};
			name = Debug;
		};
		2D3E7E5E1B35CAB3001C35C6 /* Release */ = {
			isa = XCBuildConfiguration;
			buildSettings = {
				ASSETCATALOG_COMPILER_APPICON_NAME = AppIcon;
				COMBINE_HIDPI_IMAGES = YES;
				INFOPLIST_FILE = Laraveh/Info.plist;
				LD_RUNPATH_SEARCH_PATHS = "$(inherited) @executable_path/../Frameworks";
				PRODUCT_NAME = Artison;
			};
			name = Release;
		};
		2D3E7E601B35CAB3001C35C6 /* Debug */ = {
			isa = XCBuildConfiguration;
			buildSettings = {
				BUNDLE_LOADER = "$(TEST_HOST)";
				COMBINE_HIDPI_IMAGES = YES;
				FRAMEWORK_SEARCH_PATHS = (
					"$(DEVELOPER_FRAMEWORKS_DIR)",
					"$(inherited)",
				);
				GCC_PREPROCESSOR_DEFINITIONS = (
					"DEBUG=1",
					"$(inherited)",
				);
				INFOPLIST_FILE = LaravehTests/Info.plist;
				LD_RUNPATH_SEARCH_PATHS = "$(inherited) @executable_path/../Frameworks @loader_path/../Frameworks";
				PRODUCT_NAME = ArtisonTests;
				TEST_HOST = "$(BUILT_PRODUCTS_DIR)/Laraveh.app/Contents/MacOS/Laraveh";
			};
			name = Debug;
		};
		2D3E7E611B35CAB3001C35C6 /* Release */ = {
			isa = XCBuildConfiguration;
			buildSettings = {
				BUNDLE_LOADER = "$(TEST_HOST)";
				COMBINE_HIDPI_IMAGES = YES;
				FRAMEWORK_SEARCH_PATHS = (
					"$(DEVELOPER_FRAMEWORKS_DIR)",
					"$(inherited)",
				);
				INFOPLIST_FILE = LaravehTests/Info.plist;
				LD_RUNPATH_SEARCH_PATHS = "$(inherited) @executable_path/../Frameworks @loader_path/../Frameworks";
				PRODUCT_NAME = ArtisonTests;
				TEST_HOST = "$(BUILT_PRODUCTS_DIR)/Laraveh.app/Contents/MacOS/Laraveh";
			};
			name = Release;
		};
/* End XCBuildConfiguration section */

/* Begin XCConfigurationList section */
		2D3E7E371B35CAB3001C35C6 /* Build configuration list for PBXProject "Artison" */ = {
			isa = XCConfigurationList;
			buildConfigurations = (
				2D3E7E5A1B35CAB3001C35C6 /* Debug */,
				2D3E7E5B1B35CAB3001C35C6 /* Release */,
			);
			defaultConfigurationIsVisible = 0;
			defaultConfigurationName = Release;
		};
		2D3E7E5C1B35CAB3001C35C6 /* Build configuration list for PBXNativeTarget "Artison" */ = {
			isa = XCConfigurationList;
			buildConfigurations = (
				2D3E7E5D1B35CAB3001C35C6 /* Debug */,
				2D3E7E5E1B35CAB3001C35C6 /* Release */,
			);
			defaultConfigurationIsVisible = 0;
			defaultConfigurationName = Release;
		};
		2D3E7E5F1B35CAB3001C35C6 /* Build configuration list for PBXNativeTarget "ArtisonTests" */ = {
			isa = XCConfigurationList;
			buildConfigurations = (
				2D3E7E601B35CAB3001C35C6 /* Debug */,
				2D3E7E611B35CAB3001C35C6 /* Release */,
			);
			defaultConfigurationIsVisible = 0;
			defaultConfigurationName = Release;
		};
/* End XCConfigurationList section */
	};
	rootObject = 2D3E7E341B35CAB3001C35C6 /* Project object */;
}
